
Microsoft Visual Studio Solution File, Format Version 12.00
# Visual Studio Version 17
VisualStudioVersion = 17.0.32112.339
MinimumVisualStudioVersion = 10.0.40219.1
Project("{FAE04EC0-301F-11D3-BF4B-00C04F79EFBC}") = "DEVJOBS.API", "DEVJOBS.API\DEVJOBS.API.csproj", "{9EC25370-9C55-4D38-8EDA-156B06A619FB}"
EndProject
Global
	GlobalSection(SolutionConfigurationPlatforms) = preSolution
		Debug|Any CPU = Debug|Any CPU
		Release|Any CPU = Release|Any CPU
	EndGlobalSection
	GlobalSection(ProjectConfigurationPlatforms) = postSolution
		{9EC25370-9C55-4D38-8EDA-156B06A619FB}.Debug|Any CPU.ActiveCfg = Debug|Any CPU
		{9EC25370-9C55-4D38-8EDA-156B06A619FB}.Debug|Any CPU.Build.0 = Debug|Any CPU
		{9EC25370-9C55-4D38-8EDA-156B06A619FB}.Release|Any CPU.ActiveCfg = Release|Any CPU
		{9EC25370-9C55-4D38-8EDA-156B06A619FB}.Release|Any CPU.Build.0 = Release|Any CPU
	EndGlobalSection
	GlobalSection(SolutionProperties) = preSolution
		HideSolutionNode = FALSE
	EndGlobalSection
	GlobalSection(ExtensibilityGlobals) = postSolution
		SolutionGuid = {6C8C944C-ACF6-4E1C-9760-778E8306B306}
	EndGlobalSection
EndGlobal
